
Microsoft Visual Studio Solution File, Format Version 12.00
# Visual Studio Version 16
VisualStudioVersion = 16.0.29613.14
MinimumVisualStudioVersion = 10.0.40219.1
Project("{FAE04EC0-301F-11D3-BF4B-00C04F79EFBC}") = "RestMediaServer", "RestMediaServer\RestMediaServer.csproj", "{37644A57-7F1F-4033-8089-CC3A364F767C}"
EndProject
Project("{FAE04EC0-301F-11D3-BF4B-00C04F79EFBC}") = "SqlDAL", "SqlDAL\SqlDAL.csproj", "{F8E4808D-B8F5-4C1B-A094-141905D80768}"
EndProject
Project("{9A19103F-16F7-4668-BE54-9A1E7A4F7556}") = "SqlDALUnitTest", "SqlDALUnitTest\SqlDALUnitTest.csproj", "{C18966D7-97F6-4C39-8AE7-A21C8CF55ADD}"
EndProject
Project("{2150E333-8FDC-42A3-9474-1A3956D46DE8}") = "Solution Items", "Solution Items", "{9C328B81-D0B6-4866-BF4F-A1CFE9C49083}"
	ProjectSection(SolutionItems) = preProject
		.editorconfig = .editorconfig
	EndProjectSection
EndProject
Project("{FAE04EC0-301F-11D3-BF4B-00C04F79EFBC}") = "SignalRClient", "SignalRClient\SignalRClient.csproj", "{BC8FC228-E7AB-453F-AB54-B10AF476E092}"
EndProject
Global
	GlobalSection(SolutionConfigurationPlatforms) = preSolution
		Debug|Any CPU = Debug|Any CPU
		Release|Any CPU = Release|Any CPU
	EndGlobalSection
	GlobalSection(ProjectConfigurationPlatforms) = postSolution
		{37644A57-7F1F-4033-8089-CC3A364F767C}.Debug|Any CPU.ActiveCfg = Debug|Any CPU
		{37644A57-7F1F-4033-8089-CC3A364F767C}.Debug|Any CPU.Build.0 = Debug|Any CPU
		{37644A57-7F1F-4033-8089-CC3A364F767C}.Release|Any CPU.ActiveCfg = Release|Any CPU
		{37644A57-7F1F-4033-8089-CC3A364F767C}.Release|Any CPU.Build.0 = Release|Any CPU
		{F8E4808D-B8F5-4C1B-A094-141905D80768}.Debug|Any CPU.ActiveCfg = Debug|Any CPU
		{F8E4808D-B8F5-4C1B-A094-141905D80768}.Debug|Any CPU.Build.0 = Debug|Any CPU
		{F8E4808D-B8F5-4C1B-A094-141905D80768}.Release|Any CPU.ActiveCfg = Release|Any CPU
		{F8E4808D-B8F5-4C1B-A094-141905D80768}.Release|Any CPU.Build.0 = Release|Any CPU
		{C18966D7-97F6-4C39-8AE7-A21C8CF55ADD}.Debug|Any CPU.ActiveCfg = Debug|Any CPU
		{C18966D7-97F6-4C39-8AE7-A21C8CF55ADD}.Debug|Any CPU.Build.0 = Debug|Any CPU
		{C18966D7-97F6-4C39-8AE7-A21C8CF55ADD}.Release|Any CPU.ActiveCfg = Release|Any CPU
		{C18966D7-97F6-4C39-8AE7-A21C8CF55ADD}.Release|Any CPU.Build.0 = Release|Any CPU
		{BC8FC228-E7AB-453F-AB54-B10AF476E092}.Debug|Any CPU.ActiveCfg = Debug|Any CPU
		{BC8FC228-E7AB-453F-AB54-B10AF476E092}.Debug|Any CPU.Build.0 = Debug|Any CPU
		{BC8FC228-E7AB-453F-AB54-B10AF476E092}.Release|Any CPU.ActiveCfg = Release|Any CPU
		{BC8FC228-E7AB-453F-AB54-B10AF476E092}.Release|Any CPU.Build.0 = Release|Any CPU
	EndGlobalSection
	GlobalSection(SolutionProperties) = preSolution
		HideSolutionNode = FALSE
	EndGlobalSection
	GlobalSection(ExtensibilityGlobals) = postSolution
		SolutionGuid = {735B0BA2-3A0F-4D37-89BB-BE74B1518EDC}
	EndGlobalSection
EndGlobal
